
Microsoft Visual Studio Solution File, Format Version 12.00
# Visual Studio Version 17
VisualStudioVersion = 17.10.35013.160
MinimumVisualStudioVersion = 10.0.40219.1
Project("{FAE04EC0-301F-11D3-BF4B-00C04F79EFBC}") = "CardGame.ClassLibrary", "CardGame.ClassLibrary\CardGame.ClassLibrary.csproj", "{1985F237-035D-4738-83CA-22CC6C2B9187}"
EndProject
Project("{FAE04EC0-301F-11D3-BF4B-00C04F79EFBC}") = "CardGame.CommandLineApp", "CardGame.CommandLineApp\CardGame.CommandLineApp.csproj", "{130C6420-549D-4DE1-ACCB-3B5F75390AB1}"
EndProject
Global
	GlobalSection(SolutionConfigurationPlatforms) = preSolution
		Debug|Any CPU = Debug|Any CPU
		Release|Any CPU = Release|Any CPU
	EndGlobalSection
	GlobalSection(ProjectConfigurationPlatforms) = postSolution
		{1985F237-035D-4738-83CA-22CC6C2B9187}.Debug|Any CPU.ActiveCfg = Debug|Any CPU
		{1985F237-035D-4738-83CA-22CC6C2B9187}.Debug|Any CPU.Build.0 = Debug|Any CPU
		{1985F237-035D-4738-83CA-22CC6C2B9187}.Release|Any CPU.ActiveCfg = Release|Any CPU
		{1985F237-035D-4738-83CA-22CC6C2B9187}.Release|Any CPU.Build.0 = Release|Any CPU
		{130C6420-549D-4DE1-ACCB-3B5F75390AB1}.Debug|Any CPU.ActiveCfg = Debug|Any CPU
		{130C6420-549D-4DE1-ACCB-3B5F75390AB1}.Debug|Any CPU.Build.0 = Debug|Any CPU
		{130C6420-549D-4DE1-ACCB-3B5F75390AB1}.Release|Any CPU.ActiveCfg = Release|Any CPU
		{130C6420-549D-4DE1-ACCB-3B5F75390AB1}.Release|Any CPU.Build.0 = Release|Any CPU
	EndGlobalSection
	GlobalSection(SolutionProperties) = preSolution
		HideSolutionNode = FALSE
	EndGlobalSection
	GlobalSection(ExtensibilityGlobals) = postSolution
		SolutionGuid = {6A1CA32D-2FFD-41E6-8451-799C28F3BF52}
	EndGlobalSection
EndGlobal
